// !$*UTF8*$!
{
	archiveVersion = 1;
	classes = {
	};
	objectVersion = 51;
	objects = {

/* Begin PBXBuildFile section */
		1FC57B35C1F1C4862DEAACDA /* Pods_TVShows.framework in Frameworks */ = {isa = PBXBuildFile; fileRef = 5106E84427A4EFACF0F4A188 /* Pods_TVShows.framework */; };
		4204616622CE53DD00740601 /* AppDelegate.swift in Sources */ = {isa = PBXBuildFile; fileRef = 4204616522CE53DD00740601 /* AppDelegate.swift */; };
		4204616D22CE53DE00740601 /* Assets.xcassets in Resources */ = {isa = PBXBuildFile; fileRef = 4204616C22CE53DE00740601 /* Assets.xcassets */; };
		4226C4B922CF934400E81E8C /* LoginViewController.swift in Sources */ = {isa = PBXBuildFile; fileRef = 4226C4B822CF934400E81E8C /* LoginViewController.swift */; };
		4252FBC422EDA57F00132190 /* TVShowCollectionViewCell.swift in Sources */ = {isa = PBXBuildFile; fileRef = 4252FBC322EDA57F00132190 /* TVShowCollectionViewCell.swift */; };
		426B35B222E4D2C20066003A /* TVShow.swift in Sources */ = {isa = PBXBuildFile; fileRef = 426B35B122E4D2C20066003A /* TVShow.swift */; };
		426B35B522E510C20066003A /* TVShowTableViewCell.swift in Sources */ = {isa = PBXBuildFile; fileRef = 426B35B422E510C20066003A /* TVShowTableViewCell.swift */; };
		426B35B822E7140F0066003A /* ShowDetailsViewController.swift in Sources */ = {isa = PBXBuildFile; fileRef = 426B35B722E7140F0066003A /* ShowDetailsViewController.swift */; };
		426B35BE22E7389E0066003A /* ShowDetails.swift in Sources */ = {isa = PBXBuildFile; fileRef = 426B35BD22E7389E0066003A /* ShowDetails.swift */; };
		426B35C122E7397E0066003A /* NewEpisodeViewController.swift in Sources */ = {isa = PBXBuildFile; fileRef = 426B35C022E7397E0066003A /* NewEpisodeViewController.swift */; };
		426B35C322E7398F0066003A /* NewEpisode.storyboard in Resources */ = {isa = PBXBuildFile; fileRef = 426B35C222E7398F0066003A /* NewEpisode.storyboard */; };
		426B35C522E73DBF0066003A /* Episode.swift in Sources */ = {isa = PBXBuildFile; fileRef = 426B35C422E73DBF0066003A /* Episode.swift */; };
		4280CC8222DA4CDE00D621D3 /* LaunchScreen.storyboard in Resources */ = {isa = PBXBuildFile; fileRef = 4280CC8022DA4CDE00D621D3 /* LaunchScreen.storyboard */; };
		4280CC8522DCB63600D621D3 /* Home.storyboard in Resources */ = {isa = PBXBuildFile; fileRef = 4280CC8422DCB63600D621D3 /* Home.storyboard */; };
		4280CC8722DCB66100D621D3 /* HomeViewController.swift in Sources */ = {isa = PBXBuildFile; fileRef = 4280CC8622DCB66100D621D3 /* HomeViewController.swift */; };
		4280CC8F22DDC58C00D621D3 /* User.swift in Sources */ = {isa = PBXBuildFile; fileRef = 4280CC8E22DDC58C00D621D3 /* User.swift */; };
		428112F122E75C2F008BB945 /* ShowDetails.storyboard in Resources */ = {isa = PBXBuildFile; fileRef = 428112F022E75C2F008BB945 /* ShowDetails.storyboard */; };
		42850F8C22E751FE0052F05F /* EpisodeTableViewCell.swift in Sources */ = {isa = PBXBuildFile; fileRef = 42850F8B22E751FE0052F05F /* EpisodeTableViewCell.swift */; };
		42D4DA8E22E0983A0061591A /* Login.storyboard in Resources */ = {isa = PBXBuildFile; fileRef = 42D4DA8D22E0983A0061591A /* Login.storyboard */; };
		42D4DA9022E0BAF80061591A /* Alamofire+PromiseKit.swift in Sources */ = {isa = PBXBuildFile; fileRef = 42D4DA8F22E0BAF80061591A /* Alamofire+PromiseKit.swift */; };
		42EFEC8122E9DE6E004618B4 /* ShowInfoTableViewCell.swift in Sources */ = {isa = PBXBuildFile; fileRef = 42EFEC8022E9DE6E004618B4 /* ShowInfoTableViewCell.swift */; };
		42F163E522ECCFC900E345C9 /* Constants.swift in Sources */ = {isa = PBXBuildFile; fileRef = 42F163E422ECCFC900E345C9 /* Constants.swift */; };
/* End PBXBuildFile section */

/* Begin PBXFileReference section */
		2D174E12A2651E7D7AB87038 /* Pods-TVShows.release.xcconfig */ = {isa = PBXFileReference; includeInIndex = 1; lastKnownFileType = text.xcconfig; name = "Pods-TVShows.release.xcconfig"; path = "Target Support Files/Pods-TVShows/Pods-TVShows.release.xcconfig"; sourceTree = "<group>"; };
		4204616222CE53DD00740601 /* TVShows.app */ = {isa = PBXFileReference; explicitFileType = wrapper.application; includeInIndex = 0; path = TVShows.app; sourceTree = BUILT_PRODUCTS_DIR; };
		4204616522CE53DD00740601 /* AppDelegate.swift */ = {isa = PBXFileReference; lastKnownFileType = sourcecode.swift; path = AppDelegate.swift; sourceTree = "<group>"; };
		4204616C22CE53DE00740601 /* Assets.xcassets */ = {isa = PBXFileReference; lastKnownFileType = folder.assetcatalog; path = Assets.xcassets; sourceTree = "<group>"; };
		4204617122CE53DE00740601 /* Info.plist */ = {isa = PBXFileReference; lastKnownFileType = text.plist.xml; path = Info.plist; sourceTree = "<group>"; };
		4226C4B822CF934400E81E8C /* LoginViewController.swift */ = {isa = PBXFileReference; lastKnownFileType = sourcecode.swift; path = LoginViewController.swift; sourceTree = "<group>"; };
		4252FBC322EDA57F00132190 /* TVShowCollectionViewCell.swift */ = {isa = PBXFileReference; lastKnownFileType = sourcecode.swift; path = TVShowCollectionViewCell.swift; sourceTree = "<group>"; };
		426B35B122E4D2C20066003A /* TVShow.swift */ = {isa = PBXFileReference; lastKnownFileType = sourcecode.swift; path = TVShow.swift; sourceTree = "<group>"; };
		426B35B422E510C20066003A /* TVShowTableViewCell.swift */ = {isa = PBXFileReference; lastKnownFileType = sourcecode.swift; path = TVShowTableViewCell.swift; sourceTree = "<group>"; };
		426B35B722E7140F0066003A /* ShowDetailsViewController.swift */ = {isa = PBXFileReference; lastKnownFileType = sourcecode.swift; path = ShowDetailsViewController.swift; sourceTree = "<group>"; };
		426B35BD22E7389E0066003A /* ShowDetails.swift */ = {isa = PBXFileReference; lastKnownFileType = sourcecode.swift; path = ShowDetails.swift; sourceTree = "<group>"; };
		426B35C022E7397E0066003A /* NewEpisodeViewController.swift */ = {isa = PBXFileReference; lastKnownFileType = sourcecode.swift; path = NewEpisodeViewController.swift; sourceTree = "<group>"; };
		426B35C222E7398F0066003A /* NewEpisode.storyboard */ = {isa = PBXFileReference; lastKnownFileType = file.storyboard; path = NewEpisode.storyboard; sourceTree = "<group>"; };
		426B35C422E73DBF0066003A /* Episode.swift */ = {isa = PBXFileReference; lastKnownFileType = sourcecode.swift; path = Episode.swift; sourceTree = "<group>"; };
		4280CC8122DA4CDE00D621D3 /* Base */ = {isa = PBXFileReference; lastKnownFileType = file.storyboard; name = Base; path = LaunchScreen.storyboard; sourceTree = "<group>"; };
		4280CC8422DCB63600D621D3 /* Home.storyboard */ = {isa = PBXFileReference; lastKnownFileType = file.storyboard; path = Home.storyboard; sourceTree = "<group>"; };
		4280CC8622DCB66100D621D3 /* HomeViewController.swift */ = {isa = PBXFileReference; lastKnownFileType = sourcecode.swift; path = HomeViewController.swift; sourceTree = "<group>"; };
		4280CC8E22DDC58C00D621D3 /* User.swift */ = {isa = PBXFileReference; lastKnownFileType = sourcecode.swift; path = User.swift; sourceTree = "<group>"; };
		428112F022E75C2F008BB945 /* ShowDetails.storyboard */ = {isa = PBXFileReference; lastKnownFileType = file.storyboard; path = ShowDetails.storyboard; sourceTree = "<group>"; };
		42850F8B22E751FE0052F05F /* EpisodeTableViewCell.swift */ = {isa = PBXFileReference; lastKnownFileType = sourcecode.swift; path = EpisodeTableViewCell.swift; sourceTree = "<group>"; };
		42D4DA8D22E0983A0061591A /* Login.storyboard */ = {isa = PBXFileReference; fileEncoding = 4; lastKnownFileType = file.storyboard; path = Login.storyboard; sourceTree = "<group>"; };
		42D4DA8F22E0BAF80061591A /* Alamofire+PromiseKit.swift */ = {isa = PBXFileReference; lastKnownFileType = sourcecode.swift; path = "Alamofire+PromiseKit.swift"; sourceTree = "<group>"; };
		42EFEC8022E9DE6E004618B4 /* ShowInfoTableViewCell.swift */ = {isa = PBXFileReference; lastKnownFileType = sourcecode.swift; path = ShowInfoTableViewCell.swift; sourceTree = "<group>"; };
		42F163E422ECCFC900E345C9 /* Constants.swift */ = {isa = PBXFileReference; lastKnownFileType = sourcecode.swift; path = Constants.swift; sourceTree = "<group>"; };
		5106E84427A4EFACF0F4A188 /* Pods_TVShows.framework */ = {isa = PBXFileReference; explicitFileType = wrapper.framework; includeInIndex = 0; path = Pods_TVShows.framework; sourceTree = BUILT_PRODUCTS_DIR; };
		CF0BD6EFA5870748A483CDD5 /* Pods-TVShows.debug.xcconfig */ = {isa = PBXFileReference; includeInIndex = 1; lastKnownFileType = text.xcconfig; name = "Pods-TVShows.debug.xcconfig"; path = "Target Support Files/Pods-TVShows/Pods-TVShows.debug.xcconfig"; sourceTree = "<group>"; };
/* End PBXFileReference section */

/* Begin PBXFrameworksBuildPhase section */
		4204615F22CE53DD00740601 /* Frameworks */ = {
			isa = PBXFrameworksBuildPhase;
			buildActionMask = 2147483647;
			files = (
				1FC57B35C1F1C4862DEAACDA /* Pods_TVShows.framework in Frameworks */,
			);
			runOnlyForDeploymentPostprocessing = 0;
		};
/* End PBXFrameworksBuildPhase section */

/* Begin PBXGroup section */
		4204615922CE53DD00740601 = {
			isa = PBXGroup;
			children = (
				4204616422CE53DD00740601 /* TVShows */,
				4204616322CE53DD00740601 /* Products */,
				6783DF55F76B3B3ABF71004B /* Pods */,
				CD2F5E5DC2562DC18B9C45DF /* Frameworks */,
			);
			sourceTree = "<group>";
		};
		4204616322CE53DD00740601 /* Products */ = {
			isa = PBXGroup;
			children = (
				4204616222CE53DD00740601 /* TVShows.app */,
			);
			name = Products;
			sourceTree = "<group>";
		};
		4204616422CE53DD00740601 /* TVShows */ = {
			isa = PBXGroup;
			children = (
				4280CC7722DA471D00D621D3 /* Supporting Files */,
				4280CC7622DA471600D621D3 /* Resources */,
				4280CC7422DA46F600D621D3 /* Common */,
				4280CC7322DA46EE00D621D3 /* Modules */,
				4280CC7222DA46E500D621D3 /* Application */,
			);
			path = TVShows;
			sourceTree = "<group>";
		};
		4226C4B522CF92DE00E81E8C /* Login */ = {
			isa = PBXGroup;
			children = (
				42D4DA8D22E0983A0061591A /* Login.storyboard */,
				4226C4B822CF934400E81E8C /* LoginViewController.swift */,
			);
			path = Login;
			sourceTree = "<group>";
		};
		426B35B322E510630066003A /* Cell */ = {
			isa = PBXGroup;
			children = (
				426B35B422E510C20066003A /* TVShowTableViewCell.swift */,
				4252FBC322EDA57F00132190 /* TVShowCollectionViewCell.swift */,
			);
			path = Cell;
			sourceTree = "<group>";
		};
		426B35B622E713D60066003A /* Show Details */ = {
			isa = PBXGroup;
			children = (
				42850F8A22E751D00052F05F /* Cell */,
				426B35B722E7140F0066003A /* ShowDetailsViewController.swift */,
				428112F022E75C2F008BB945 /* ShowDetails.storyboard */,
			);
			path = "Show Details";
			sourceTree = "<group>";
		};
		426B35BF22E7393A0066003A /* New Episode */ = {
			isa = PBXGroup;
			children = (
				426B35C022E7397E0066003A /* NewEpisodeViewController.swift */,
				426B35C222E7398F0066003A /* NewEpisode.storyboard */,
			);
			path = "New Episode";
			sourceTree = "<group>";
		};
		4280CC7222DA46E500D621D3 /* Application */ = {
			isa = PBXGroup;
			children = (
				4204616522CE53DD00740601 /* AppDelegate.swift */,
			);
			path = Application;
			sourceTree = "<group>";
		};
		4280CC7322DA46EE00D621D3 /* Modules */ = {
			isa = PBXGroup;
			children = (
				426B35BF22E7393A0066003A /* New Episode */,
				426B35B622E713D60066003A /* Show Details */,
				4280CC8D22DDC54500D621D3 /* Entities */,
				4280CC8322DCB61C00D621D3 /* Home */,
				4226C4B522CF92DE00E81E8C /* Login */,
			);
			path = Modules;
			sourceTree = "<group>";
		};
		4280CC7422DA46F600D621D3 /* Common */ = {
			isa = PBXGroup;
			children = (
				42D4DA8F22E0BAF80061591A /* Alamofire+PromiseKit.swift */,
				42F163E422ECCFC900E345C9 /* Constants.swift */,
			);
			path = Common;
			sourceTree = "<group>";
		};
		4280CC7622DA471600D621D3 /* Resources */ = {
			isa = PBXGroup;
			children = (
				4204616C22CE53DE00740601 /* Assets.xcassets */,
			);
			path = Resources;
			sourceTree = "<group>";
		};
		4280CC7722DA471D00D621D3 /* Supporting Files */ = {
			isa = PBXGroup;
			children = (
				4280CC7F22DA4CCA00D621D3 /* Base.lproj */,
				4204617122CE53DE00740601 /* Info.plist */,
			);
			path = "Supporting Files";
			sourceTree = "<group>";
		};
		4280CC7F22DA4CCA00D621D3 /* Base.lproj */ = {
			isa = PBXGroup;
			children = (
				4280CC8022DA4CDE00D621D3 /* LaunchScreen.storyboard */,
			);
			path = Base.lproj;
			sourceTree = "<group>";
		};
		4280CC8322DCB61C00D621D3 /* Home */ = {
			isa = PBXGroup;
			children = (
				426B35B322E510630066003A /* Cell */,
				4280CC8422DCB63600D621D3 /* Home.storyboard */,
				4280CC8622DCB66100D621D3 /* HomeViewController.swift */,
			);
			path = Home;
			sourceTree = "<group>";
		};
		4280CC8D22DDC54500D621D3 /* Entities */ = {
			isa = PBXGroup;
			children = (
				4280CC8E22DDC58C00D621D3 /* User.swift */,
				426B35B122E4D2C20066003A /* TVShow.swift */,
				426B35BD22E7389E0066003A /* ShowDetails.swift */,
				426B35C422E73DBF0066003A /* Episode.swift */,
			);
			path = Entities;
			sourceTree = "<group>";
		};
		42850F8A22E751D00052F05F /* Cell */ = {
			isa = PBXGroup;
			children = (
				42850F8B22E751FE0052F05F /* EpisodeTableViewCell.swift */,
				42EFEC8022E9DE6E004618B4 /* ShowInfoTableViewCell.swift */,
			);
			path = Cell;
			sourceTree = "<group>";
		};
		6783DF55F76B3B3ABF71004B /* Pods */ = {
			isa = PBXGroup;
			children = (
				CF0BD6EFA5870748A483CDD5 /* Pods-TVShows.debug.xcconfig */,
				2D174E12A2651E7D7AB87038 /* Pods-TVShows.release.xcconfig */,
			);
			path = Pods;
			sourceTree = "<group>";
		};
		CD2F5E5DC2562DC18B9C45DF /* Frameworks */ = {
			isa = PBXGroup;
			children = (
				5106E84427A4EFACF0F4A188 /* Pods_TVShows.framework */,
			);
			name = Frameworks;
			sourceTree = "<group>";
		};
/* End PBXGroup section */

/* Begin PBXNativeTarget section */
		4204616122CE53DD00740601 /* TVShows */ = {
			isa = PBXNativeTarget;
			buildConfigurationList = 4204617422CE53DE00740601 /* Build configuration list for PBXNativeTarget "TVShows" */;
			buildPhases = (
				BA0DBD98C2E17B97B7A737F5 /* [CP] Check Pods Manifest.lock */,
				4204615E22CE53DD00740601 /* Sources */,
				4204615F22CE53DD00740601 /* Frameworks */,
				4204616022CE53DD00740601 /* Resources */,
				F36E4C57EDB3521684FA2FD9 /* [CP] Embed Pods Frameworks */,
			);
			buildRules = (
			);
			dependencies = (
			);
			name = TVShows;
			productName = TVShows;
			productReference = 4204616222CE53DD00740601 /* TVShows.app */;
			productType = "com.apple.product-type.application";
		};
/* End PBXNativeTarget section */

/* Begin PBXProject section */
		4204615A22CE53DD00740601 /* Project object */ = {
			isa = PBXProject;
			attributes = {
				LastSwiftUpdateCheck = 1020;
				LastUpgradeCheck = 1020;
				ORGANIZATIONNAME = Infinum;
				TargetAttributes = {
					4204616122CE53DD00740601 = {
						CreatedOnToolsVersion = 10.2.1;
					};
				};
			};
			buildConfigurationList = 4204615D22CE53DD00740601 /* Build configuration list for PBXProject "TVShows" */;
			compatibilityVersion = "Xcode 9.3";
			developmentRegion = en;
			hasScannedForEncodings = 0;
			knownRegions = (
				en,
				Base,
			);
			mainGroup = 4204615922CE53DD00740601;
			productRefGroup = 4204616322CE53DD00740601 /* Products */;
			projectDirPath = "";
			projectRoot = "";
			targets = (
				4204616122CE53DD00740601 /* TVShows */,
			);
		};
/* End PBXProject section */

/* Begin PBXResourcesBuildPhase section */
		4204616022CE53DD00740601 /* Resources */ = {
			isa = PBXResourcesBuildPhase;
			buildActionMask = 2147483647;
			files = (
				428112F122E75C2F008BB945 /* ShowDetails.storyboard in Resources */,
				42D4DA8E22E0983A0061591A /* Login.storyboard in Resources */,
				4280CC8222DA4CDE00D621D3 /* LaunchScreen.storyboard in Resources */,
				426B35C322E7398F0066003A /* NewEpisode.storyboard in Resources */,
				4204616D22CE53DE00740601 /* Assets.xcassets in Resources */,
				4280CC8522DCB63600D621D3 /* Home.storyboard in Resources */,
			);
			runOnlyForDeploymentPostprocessing = 0;
		};
/* End PBXResourcesBuildPhase section */

/* Begin PBXShellScriptBuildPhase section */
		BA0DBD98C2E17B97B7A737F5 /* [CP] Check Pods Manifest.lock */ = {
			isa = PBXShellScriptBuildPhase;
			buildActionMask = 2147483647;
			files = (
			);
			inputFileListPaths = (
			);
			inputPaths = (
				"${PODS_PODFILE_DIR_PATH}/Podfile.lock",
				"${PODS_ROOT}/Manifest.lock",
			);
			name = "[CP] Check Pods Manifest.lock";
			outputFileListPaths = (
			);
			outputPaths = (
				"$(DERIVED_FILE_DIR)/Pods-TVShows-checkManifestLockResult.txt",
			);
			runOnlyForDeploymentPostprocessing = 0;
			shellPath = /bin/sh;
			shellScript = "diff \"${PODS_PODFILE_DIR_PATH}/Podfile.lock\" \"${PODS_ROOT}/Manifest.lock\" > /dev/null\nif [ $? != 0 ] ; then\n    # print error to STDERR\n    echo \"error: The sandbox is not in sync with the Podfile.lock. Run 'pod install' or update your CocoaPods installation.\" >&2\n    exit 1\nfi\n# This output is used by Xcode 'outputs' to avoid re-running this script phase.\necho \"SUCCESS\" > \"${SCRIPT_OUTPUT_FILE_0}\"\n";
			showEnvVarsInLog = 0;
		};
		F36E4C57EDB3521684FA2FD9 /* [CP] Embed Pods Frameworks */ = {
			isa = PBXShellScriptBuildPhase;
			buildActionMask = 2147483647;
			files = (
			);
			inputFileListPaths = (
				"${PODS_ROOT}/Target Support Files/Pods-TVShows/Pods-TVShows-frameworks-${CONFIGURATION}-input-files.xcfilelist",
			);
			name = "[CP] Embed Pods Frameworks";
			outputFileListPaths = (
				"${PODS_ROOT}/Target Support Files/Pods-TVShows/Pods-TVShows-frameworks-${CONFIGURATION}-output-files.xcfilelist",
			);
			runOnlyForDeploymentPostprocessing = 0;
			shellPath = /bin/sh;
			shellScript = "\"${PODS_ROOT}/Target Support Files/Pods-TVShows/Pods-TVShows-frameworks.sh\"\n";
			showEnvVarsInLog = 0;
		};
/* End PBXShellScriptBuildPhase section */

/* Begin PBXSourcesBuildPhase section */
		4204615E22CE53DD00740601 /* Sources */ = {
			isa = PBXSourcesBuildPhase;
			buildActionMask = 2147483647;
			files = (
				426B35B822E7140F0066003A /* ShowDetailsViewController.swift in Sources */,
				42EFEC8122E9DE6E004618B4 /* ShowInfoTableViewCell.swift in Sources */,
				426B35C122E7397E0066003A /* NewEpisodeViewController.swift in Sources */,
				426B35BE22E7389E0066003A /* ShowDetails.swift in Sources */,
				4280CC8F22DDC58C00D621D3 /* User.swift in Sources */,
				426B35B522E510C20066003A /* TVShowTableViewCell.swift in Sources */,
				4252FBC422EDA57F00132190 /* TVShowCollectionViewCell.swift in Sources */,
				426B35C522E73DBF0066003A /* Episode.swift in Sources */,
				4226C4B922CF934400E81E8C /* LoginViewController.swift in Sources */,
				426B35B222E4D2C20066003A /* TVShow.swift in Sources */,
				4204616622CE53DD00740601 /* AppDelegate.swift in Sources */,
				42850F8C22E751FE0052F05F /* EpisodeTableViewCell.swift in Sources */,
				42F163E522ECCFC900E345C9 /* Constants.swift in Sources */,
				42D4DA9022E0BAF80061591A /* Alamofire+PromiseKit.swift in Sources */,
				4280CC8722DCB66100D621D3 /* HomeViewController.swift in Sources */,
			);
			runOnlyForDeploymentPostprocessing = 0;
		};
/* End PBXSourcesBuildPhase section */

/* Begin PBXVariantGroup section */
		4280CC8022DA4CDE00D621D3 /* LaunchScreen.storyboard */ = {
			isa = PBXVariantGroup;
			children = (
				4280CC8122DA4CDE00D621D3 /* Base */,
			);
			name = LaunchScreen.storyboard;
			sourceTree = "<group>";
		};
/* End PBXVariantGroup section */

/* Begin XCBuildConfiguration section */
		4204617222CE53DE00740601 /* Debug */ = {
			isa = XCBuildConfiguration;
			buildSettings = {
				ALWAYS_SEARCH_USER_PATHS = NO;
				CLANG_ANALYZER_NONNULL = YES;
				CLANG_ANALYZER_NUMBER_OBJECT_CONVERSION = YES_AGGRESSIVE;
				CLANG_CXX_LANGUAGE_STANDARD = "gnu++14";
				CLANG_CXX_LIBRARY = "libc++";
				CLANG_ENABLE_MODULES = YES;
				CLANG_ENABLE_OBJC_ARC = YES;
				CLANG_ENABLE_OBJC_WEAK = YES;
				CLANG_WARN_BLOCK_CAPTURE_AUTORELEASING = YES;
				CLANG_WARN_BOOL_CONVERSION = YES;
				CLANG_WARN_COMMA = YES;
				CLANG_WARN_CONSTANT_CONVERSION = YES;
				CLANG_WARN_DEPRECATED_OBJC_IMPLEMENTATIONS = YES;
				CLANG_WARN_DIRECT_OBJC_ISA_USAGE = YES_ERROR;
				CLANG_WARN_DOCUMENTATION_COMMENTS = YES;
				CLANG_WARN_EMPTY_BODY = YES;
				CLANG_WARN_ENUM_CONVERSION = YES;
				CLANG_WARN_INFINITE_RECURSION = YES;
				CLANG_WARN_INT_CONVERSION = YES;
				CLANG_WARN_NON_LITERAL_NULL_CONVERSION = YES;
				CLANG_WARN_OBJC_IMPLICIT_RETAIN_SELF = YES;
				CLANG_WARN_OBJC_LITERAL_CONVERSION = YES;
				CLANG_WARN_OBJC_ROOT_CLASS = YES_ERROR;
				CLANG_WARN_RANGE_LOOP_ANALYSIS = YES;
				CLANG_WARN_STRICT_PROTOTYPES = YES;
				CLANG_WARN_SUSPICIOUS_MOVE = YES;
				CLANG_WARN_UNGUARDED_AVAILABILITY = YES_AGGRESSIVE;
				CLANG_WARN_UNREACHABLE_CODE = YES;
				CLANG_WARN__DUPLICATE_METHOD_MATCH = YES;
				CODE_SIGN_IDENTITY = "iPhone Developer";
				COPY_PHASE_STRIP = NO;
				DEBUG_INFORMATION_FORMAT = dwarf;
				ENABLE_STRICT_OBJC_MSGSEND = YES;
				ENABLE_TESTABILITY = YES;
				GCC_C_LANGUAGE_STANDARD = gnu11;
				GCC_DYNAMIC_NO_PIC = NO;
				GCC_NO_COMMON_BLOCKS = YES;
				GCC_OPTIMIZATION_LEVEL = 0;
				GCC_PREPROCESSOR_DEFINITIONS = (
					"DEBUG=1",
					"$(inherited)",
				);
				GCC_WARN_64_TO_32_BIT_CONVERSION = YES;
				GCC_WARN_ABOUT_RETURN_TYPE = YES_ERROR;
				GCC_WARN_UNDECLARED_SELECTOR = YES;
				GCC_WARN_UNINITIALIZED_AUTOS = YES_AGGRESSIVE;
				GCC_WARN_UNUSED_FUNCTION = YES;
				GCC_WARN_UNUSED_VARIABLE = YES;
				IPHONEOS_DEPLOYMENT_TARGET = 12.2;
				MTL_ENABLE_DEBUG_INFO = INCLUDE_SOURCE;
				MTL_FAST_MATH = YES;
				ONLY_ACTIVE_ARCH = YES;
				SDKROOT = iphoneos;
				SWIFT_ACTIVE_COMPILATION_CONDITIONS = DEBUG;
				SWIFT_OPTIMIZATION_LEVEL = "-Onone";
			};
			name = Debug;
		};
		4204617322CE53DE00740601 /* Release */ = {
			isa = XCBuildConfiguration;
			buildSettings = {
				ALWAYS_SEARCH_USER_PATHS = NO;
				CLANG_ANALYZER_NONNULL = YES;
				CLANG_ANALYZER_NUMBER_OBJECT_CONVERSION = YES_AGGRESSIVE;
				CLANG_CXX_LANGUAGE_STANDARD = "gnu++14";
				CLANG_CXX_LIBRARY = "libc++";
				CLANG_ENABLE_MODULES = YES;
				CLANG_ENABLE_OBJC_ARC = YES;
				CLANG_ENABLE_OBJC_WEAK = YES;
				CLANG_WARN_BLOCK_CAPTURE_AUTORELEASING = YES;
				CLANG_WARN_BOOL_CONVERSION = YES;
				CLANG_WARN_COMMA = YES;
				CLANG_WARN_CONSTANT_CONVERSION = YES;
				CLANG_WARN_DEPRECATED_OBJC_IMPLEMENTATIONS = YES;
				CLANG_WARN_DIRECT_OBJC_ISA_USAGE = YES_ERROR;
				CLANG_WARN_DOCUMENTATION_COMMENTS = YES;
				CLANG_WARN_EMPTY_BODY = YES;
				CLANG_WARN_ENUM_CONVERSION = YES;
				CLANG_WARN_INFINITE_RECURSION = YES;
				CLANG_WARN_INT_CONVERSION = YES;
				CLANG_WARN_NON_LITERAL_NULL_CONVERSION = YES;
				CLANG_WARN_OBJC_IMPLICIT_RETAIN_SELF = YES;
				CLANG_WARN_OBJC_LITERAL_CONVERSION = YES;
				CLANG_WARN_OBJC_ROOT_CLASS = YES_ERROR;
				CLANG_WARN_RANGE_LOOP_ANALYSIS = YES;
				CLANG_WARN_STRICT_PROTOTYPES = YES;
				CLANG_WARN_SUSPICIOUS_MOVE = YES;
				CLANG_WARN_UNGUARDED_AVAILABILITY = YES_AGGRESSIVE;
				CLANG_WARN_UNREACHABLE_CODE = YES;
				CLANG_WARN__DUPLICATE_METHOD_MATCH = YES;
				CODE_SIGN_IDENTITY = "iPhone Developer";
				COPY_PHASE_STRIP = NO;
				DEBUG_INFORMATION_FORMAT = "dwarf-with-dsym";
				ENABLE_NS_ASSERTIONS = NO;
				ENABLE_STRICT_OBJC_MSGSEND = YES;
				GCC_C_LANGUAGE_STANDARD = gnu11;
				GCC_NO_COMMON_BLOCKS = YES;
				GCC_WARN_64_TO_32_BIT_CONVERSION = YES;
				GCC_WARN_ABOUT_RETURN_TYPE = YES_ERROR;
				GCC_WARN_UNDECLARED_SELECTOR = YES;
				GCC_WARN_UNINITIALIZED_AUTOS = YES_AGGRESSIVE;
				GCC_WARN_UNUSED_FUNCTION = YES;
				GCC_WARN_UNUSED_VARIABLE = YES;
				IPHONEOS_DEPLOYMENT_TARGET = 12.2;
				MTL_ENABLE_DEBUG_INFO = NO;
				MTL_FAST_MATH = YES;
				SDKROOT = iphoneos;
				SWIFT_COMPILATION_MODE = wholemodule;
				SWIFT_OPTIMIZATION_LEVEL = "-O";
				VALIDATE_PRODUCT = YES;
			};
			name = Release;
		};
		4204617522CE53DE00740601 /* Debug */ = {
			isa = XCBuildConfiguration;
			baseConfigurationReference = CF0BD6EFA5870748A483CDD5 /* Pods-TVShows.debug.xcconfig */;
			buildSettings = {
				ASSETCATALOG_COMPILER_APPICON_NAME = AppIcon;
				CODE_SIGN_STYLE = Automatic;
				INFOPLIST_FILE = "$(SRCROOT)/TVShows/Supporting Files/Info.plist";
				LD_RUNPATH_SEARCH_PATHS = (
					"$(inherited)",
					"@executable_path/Frameworks",
				);
				PRODUCT_BUNDLE_IDENTIFIER = miskovicM.TVShows;
				PRODUCT_NAME = "$(TARGET_NAME)";
				SWIFT_VERSION = 5.0;
				TARGETED_DEVICE_FAMILY = "1,2";
			};
			name = Debug;
		};
		4204617622CE53DE00740601 /* Release */ = {
			isa = XCBuildConfiguration;
			baseConfigurationReference = 2D174E12A2651E7D7AB87038 /* Pods-TVShows.release.xcconfig */;
			buildSettings = {
				ASSETCATALOG_COMPILER_APPICON_NAME = AppIcon;
				CODE_SIGN_STYLE = Automatic;
				INFOPLIST_FILE = "$(SRCROOT)/TVShows/Supporting Files/Info.plist";
				LD_RUNPATH_SEARCH_PATHS = (
					"$(inherited)",
					"@executable_path/Frameworks",
				);
				PRODUCT_BUNDLE_IDENTIFIER = miskovicM.TVShows;
				PRODUCT_NAME = "$(TARGET_NAME)";
				SWIFT_VERSION = 5.0;
				TARGETED_DEVICE_FAMILY = "1,2";
			};
			name = Release;
		};
/* End XCBuildConfiguration section */

/* Begin XCConfigurationList section */
		4204615D22CE53DD00740601 /* Build configuration list for PBXProject "TVShows" */ = {
			isa = XCConfigurationList;
			buildConfigurations = (
				4204617222CE53DE00740601 /* Debug */,
				4204617322CE53DE00740601 /* Release */,
			);
			defaultConfigurationIsVisible = 0;
			defaultConfigurationName = Release;
		};
		4204617422CE53DE00740601 /* Build configuration list for PBXNativeTarget "TVShows" */ = {
			isa = XCConfigurationList;
			buildConfigurations = (
				4204617522CE53DE00740601 /* Debug */,
				4204617622CE53DE00740601 /* Release */,
			);
			defaultConfigurationIsVisible = 0;
			defaultConfigurationName = Release;
		};
/* End XCConfigurationList section */
	};
	rootObject = 4204615A22CE53DD00740601 /* Project object */;
}
